
Microsoft Visual Studio Solution File, Format Version 12.00
# Visual Studio Express 2012 for Windows Desktop
Project("{FAE04EC0-301F-11D3-BF4B-00C04F79EFBC}") = "WillowLib.Data", "Data\WillowLib.Data.csproj", "{4281D444-BF8F-4F22-A0B8-E5F3B83EC821}"
EndProject
Project("{FAE04EC0-301F-11D3-BF4B-00C04F79EFBC}") = "WillowLib.WinForm", "WinForm\WillowLib.WinForm.csproj", "{BE66033F-A238-4854-8AD6-861805B2A2E7}"
EndProject
Project("{FAE04EC0-301F-11D3-BF4B-00C04F79EFBC}") = "WillowLib.CodeGen", "CodeGen\WillowLib.CodeGen.csproj", "{116EFD42-74B7-4E45-AAEC-2FCC73AD92C0}"
EndProject
Project("{FAE04EC0-301F-11D3-BF4B-00C04F79EFBC}") = "WillowLib.CodeGenUI", "CodeGenUI\WillowLib.CodeGenUI.csproj", "{591DAA44-8F0F-473F-9012-8F2242FDE7B1}"
EndProject
Global
	GlobalSection(SolutionConfigurationPlatforms) = preSolution
		Debug|Any CPU = Debug|Any CPU
		Release|Any CPU = Release|Any CPU
	EndGlobalSection
	GlobalSection(ProjectConfigurationPlatforms) = postSolution
		{4281D444-BF8F-4F22-A0B8-E5F3B83EC821}.Debug|Any CPU.ActiveCfg = Debug|Any CPU
		{4281D444-BF8F-4F22-A0B8-E5F3B83EC821}.Debug|Any CPU.Build.0 = Debug|Any CPU
		{4281D444-BF8F-4F22-A0B8-E5F3B83EC821}.Release|Any CPU.ActiveCfg = Release|Any CPU
		{4281D444-BF8F-4F22-A0B8-E5F3B83EC821}.Release|Any CPU.Build.0 = Release|Any CPU
		{BE66033F-A238-4854-8AD6-861805B2A2E7}.Debug|Any CPU.ActiveCfg = Debug|Any CPU
		{BE66033F-A238-4854-8AD6-861805B2A2E7}.Debug|Any CPU.Build.0 = Debug|Any CPU
		{BE66033F-A238-4854-8AD6-861805B2A2E7}.Release|Any CPU.ActiveCfg = Release|Any CPU
		{BE66033F-A238-4854-8AD6-861805B2A2E7}.Release|Any CPU.Build.0 = Release|Any CPU
		{116EFD42-74B7-4E45-AAEC-2FCC73AD92C0}.Debug|Any CPU.ActiveCfg = Debug|Any CPU
		{116EFD42-74B7-4E45-AAEC-2FCC73AD92C0}.Debug|Any CPU.Build.0 = Debug|Any CPU
		{116EFD42-74B7-4E45-AAEC-2FCC73AD92C0}.Release|Any CPU.ActiveCfg = Release|Any CPU
		{116EFD42-74B7-4E45-AAEC-2FCC73AD92C0}.Release|Any CPU.Build.0 = Release|Any CPU
		{591DAA44-8F0F-473F-9012-8F2242FDE7B1}.Debug|Any CPU.ActiveCfg = Debug|Any CPU
		{591DAA44-8F0F-473F-9012-8F2242FDE7B1}.Debug|Any CPU.Build.0 = Debug|Any CPU
		{591DAA44-8F0F-473F-9012-8F2242FDE7B1}.Release|Any CPU.ActiveCfg = Release|Any CPU
		{591DAA44-8F0F-473F-9012-8F2242FDE7B1}.Release|Any CPU.Build.0 = Release|Any CPU
	EndGlobalSection
	GlobalSection(SolutionProperties) = preSolution
		HideSolutionNode = FALSE
	EndGlobalSection
EndGlobal
